
Microsoft Visual Studio Solution File, Format Version 12.00
# Visual Studio Version 17
VisualStudioVersion = 17.4.33122.133
MinimumVisualStudioVersion = 10.0.40219.1
Project("{9A19103F-16F7-4668-BE54-9A1E7A4F7556}") = "WPF_BCrypt", "WPF_BCrypt\WPF_BCrypt.csproj", "{6DA6E0A6-1F79-4E50-AA6C-E85B0104AF99}"
EndProject
Global
	GlobalSection(SolutionConfigurationPlatforms) = preSolution
		Debug|Any CPU = Debug|Any CPU
		Release|Any CPU = Release|Any CPU
	EndGlobalSection
	GlobalSection(ProjectConfigurationPlatforms) = postSolution
		{6DA6E0A6-1F79-4E50-AA6C-E85B0104AF99}.Debug|Any CPU.ActiveCfg = Debug|Any CPU
		{6DA6E0A6-1F79-4E50-AA6C-E85B0104AF99}.Debug|Any CPU.Build.0 = Debug|Any CPU
		{6DA6E0A6-1F79-4E50-AA6C-E85B0104AF99}.Release|Any CPU.ActiveCfg = Release|Any CPU
		{6DA6E0A6-1F79-4E50-AA6C-E85B0104AF99}.Release|Any CPU.Build.0 = Release|Any CPU
	EndGlobalSection
	GlobalSection(SolutionProperties) = preSolution
		HideSolutionNode = FALSE
	EndGlobalSection
	GlobalSection(ExtensibilityGlobals) = postSolution
		SolutionGuid = {DAF34971-5CF6-4F32-A558-19B6DB090A2C}
	EndGlobalSection
EndGlobal
